
Microsoft Visual Studio Solution File, Format Version 12.00
# Visual Studio Version 17
VisualStudioVersion = 17.14.36327.8
MinimumVisualStudioVersion = 10.0.40219.1
Project("{FAE04EC0-301F-11D3-BF4B-00C04F79EFBC}") = "MeterReadingsApi", "MeterReadingsApi\MeterReadingsApi.csproj", "{19737589-0D16-4176-90EE-BA6236351310}"
EndProject
Project("{FAE04EC0-301F-11D3-BF4B-00C04F79EFBC}") = "MeterReadingsApi.UnitTests", "MeterReadingsApi.UnitTests\MeterReadingsApi.UnitTests.csproj", "{98103DF4-EF53-4C7F-90B8-F9FB90C5662D}"
EndProject
Project("{FAE04EC0-301F-11D3-BF4B-00C04F79EFBC}") = "MeterReadingsApi.DataModel", "MeterReadingsApi.DataModel\MeterReadingsApi.DataModel.csproj", "{6E5E17A2-DC70-4785-AAFD-C943C20B329C}"
EndProject
Project("{FAE04EC0-301F-11D3-BF4B-00C04F79EFBC}") = "MeterReadingsApi.IntegrationTests", "MeterReadingsApi.IntegrationTests\MeterReadingsApi.IntegrationTests.csproj", "{EB5A9C5D-AD17-4F2F-A906-012AAB8FD6AE}"
EndProject
Project("{FAE04EC0-301F-11D3-BF4B-00C04F79EFBC}") = "MeterReadingsBlazorClient", "MeterReadingsBlazorClient\MeterReadingsBlazorClient.csproj", "{BD58CEFD-DEF8-4F48-90DC-D0B7EAFC2B9E}"
EndProject
Project("{FAE04EC0-301F-11D3-BF4B-00C04F79EFBC}") = "MeterReadingsApi.Shared", "MeterReadingsApi.Shared\MeterReadingsApi.Shared.csproj", "{B75C1C24-B465-4F5F-B631-26F5D31DFD42}"
EndProject
Project("{FAE04EC0-301F-11D3-BF4B-00C04F79EFBC}") = "MeterReadingsBlazorClient.BUnit", "MeterReadingsBlazorClient.BUnit\MeterReadingsBlazorClient.BUnit.csproj", "{BAB8D234-0EA4-49F0-86E6-203DE111114E}"
EndProject
Global
	GlobalSection(SolutionConfigurationPlatforms) = preSolution
		Debug|Any CPU = Debug|Any CPU
		Debug|x64 = Debug|x64
		Debug|x86 = Debug|x86
		Release|Any CPU = Release|Any CPU
		Release|x64 = Release|x64
		Release|x86 = Release|x86
	EndGlobalSection
	GlobalSection(ProjectConfigurationPlatforms) = postSolution
		{19737589-0D16-4176-90EE-BA6236351310}.Debug|Any CPU.ActiveCfg = Debug|Any CPU
		{19737589-0D16-4176-90EE-BA6236351310}.Debug|Any CPU.Build.0 = Debug|Any CPU
		{19737589-0D16-4176-90EE-BA6236351310}.Debug|x64.ActiveCfg = Debug|Any CPU
		{19737589-0D16-4176-90EE-BA6236351310}.Debug|x64.Build.0 = Debug|Any CPU
		{19737589-0D16-4176-90EE-BA6236351310}.Debug|x86.ActiveCfg = Debug|Any CPU
		{19737589-0D16-4176-90EE-BA6236351310}.Debug|x86.Build.0 = Debug|Any CPU
		{19737589-0D16-4176-90EE-BA6236351310}.Release|Any CPU.ActiveCfg = Release|Any CPU
		{19737589-0D16-4176-90EE-BA6236351310}.Release|Any CPU.Build.0 = Release|Any CPU
		{19737589-0D16-4176-90EE-BA6236351310}.Release|x64.ActiveCfg = Release|Any CPU
		{19737589-0D16-4176-90EE-BA6236351310}.Release|x64.Build.0 = Release|Any CPU
		{19737589-0D16-4176-90EE-BA6236351310}.Release|x86.ActiveCfg = Release|Any CPU
		{19737589-0D16-4176-90EE-BA6236351310}.Release|x86.Build.0 = Release|Any CPU
		{98103DF4-EF53-4C7F-90B8-F9FB90C5662D}.Debug|Any CPU.ActiveCfg = Debug|Any CPU
		{98103DF4-EF53-4C7F-90B8-F9FB90C5662D}.Debug|Any CPU.Build.0 = Debug|Any CPU
		{98103DF4-EF53-4C7F-90B8-F9FB90C5662D}.Debug|x64.ActiveCfg = Debug|Any CPU
		{98103DF4-EF53-4C7F-90B8-F9FB90C5662D}.Debug|x64.Build.0 = Debug|Any CPU
		{98103DF4-EF53-4C7F-90B8-F9FB90C5662D}.Debug|x86.ActiveCfg = Debug|Any CPU
		{98103DF4-EF53-4C7F-90B8-F9FB90C5662D}.Debug|x86.Build.0 = Debug|Any CPU
		{98103DF4-EF53-4C7F-90B8-F9FB90C5662D}.Release|Any CPU.ActiveCfg = Release|Any CPU
		{98103DF4-EF53-4C7F-90B8-F9FB90C5662D}.Release|Any CPU.Build.0 = Release|Any CPU
		{98103DF4-EF53-4C7F-90B8-F9FB90C5662D}.Release|x64.ActiveCfg = Release|Any CPU
		{98103DF4-EF53-4C7F-90B8-F9FB90C5662D}.Release|x64.Build.0 = Release|Any CPU
		{98103DF4-EF53-4C7F-90B8-F9FB90C5662D}.Release|x86.ActiveCfg = Release|Any CPU
		{98103DF4-EF53-4C7F-90B8-F9FB90C5662D}.Release|x86.Build.0 = Release|Any CPU
		{6E5E17A2-DC70-4785-AAFD-C943C20B329C}.Debug|Any CPU.ActiveCfg = Debug|Any CPU
		{6E5E17A2-DC70-4785-AAFD-C943C20B329C}.Debug|Any CPU.Build.0 = Debug|Any CPU
		{6E5E17A2-DC70-4785-AAFD-C943C20B329C}.Debug|x64.ActiveCfg = Debug|Any CPU
		{6E5E17A2-DC70-4785-AAFD-C943C20B329C}.Debug|x64.Build.0 = Debug|Any CPU
		{6E5E17A2-DC70-4785-AAFD-C943C20B329C}.Debug|x86.ActiveCfg = Debug|Any CPU
		{6E5E17A2-DC70-4785-AAFD-C943C20B329C}.Debug|x86.Build.0 = Debug|Any CPU
		{6E5E17A2-DC70-4785-AAFD-C943C20B329C}.Release|Any CPU.ActiveCfg = Release|Any CPU
		{6E5E17A2-DC70-4785-AAFD-C943C20B329C}.Release|Any CPU.Build.0 = Release|Any CPU
		{6E5E17A2-DC70-4785-AAFD-C943C20B329C}.Release|x64.ActiveCfg = Release|Any CPU
		{6E5E17A2-DC70-4785-AAFD-C943C20B329C}.Release|x64.Build.0 = Release|Any CPU
		{6E5E17A2-DC70-4785-AAFD-C943C20B329C}.Release|x86.ActiveCfg = Release|Any CPU
		{6E5E17A2-DC70-4785-AAFD-C943C20B329C}.Release|x86.Build.0 = Release|Any CPU
		{EB5A9C5D-AD17-4F2F-A906-012AAB8FD6AE}.Debug|Any CPU.ActiveCfg = Debug|Any CPU
		{EB5A9C5D-AD17-4F2F-A906-012AAB8FD6AE}.Debug|Any CPU.Build.0 = Debug|Any CPU
		{EB5A9C5D-AD17-4F2F-A906-012AAB8FD6AE}.Debug|x64.ActiveCfg = Debug|Any CPU
		{EB5A9C5D-AD17-4F2F-A906-012AAB8FD6AE}.Debug|x64.Build.0 = Debug|Any CPU
		{EB5A9C5D-AD17-4F2F-A906-012AAB8FD6AE}.Debug|x86.ActiveCfg = Debug|Any CPU
		{EB5A9C5D-AD17-4F2F-A906-012AAB8FD6AE}.Debug|x86.Build.0 = Debug|Any CPU
		{EB5A9C5D-AD17-4F2F-A906-012AAB8FD6AE}.Release|Any CPU.ActiveCfg = Release|Any CPU
		{EB5A9C5D-AD17-4F2F-A906-012AAB8FD6AE}.Release|Any CPU.Build.0 = Release|Any CPU
		{EB5A9C5D-AD17-4F2F-A906-012AAB8FD6AE}.Release|x64.ActiveCfg = Release|Any CPU
		{EB5A9C5D-AD17-4F2F-A906-012AAB8FD6AE}.Release|x64.Build.0 = Release|Any CPU
		{EB5A9C5D-AD17-4F2F-A906-012AAB8FD6AE}.Release|x86.ActiveCfg = Release|Any CPU
		{EB5A9C5D-AD17-4F2F-A906-012AAB8FD6AE}.Release|x86.Build.0 = Release|Any CPU
		{BD58CEFD-DEF8-4F48-90DC-D0B7EAFC2B9E}.Debug|Any CPU.ActiveCfg = Debug|Any CPU
		{BD58CEFD-DEF8-4F48-90DC-D0B7EAFC2B9E}.Debug|Any CPU.Build.0 = Debug|Any CPU
		{BD58CEFD-DEF8-4F48-90DC-D0B7EAFC2B9E}.Debug|x64.ActiveCfg = Debug|Any CPU
		{BD58CEFD-DEF8-4F48-90DC-D0B7EAFC2B9E}.Debug|x64.Build.0 = Debug|Any CPU
		{BD58CEFD-DEF8-4F48-90DC-D0B7EAFC2B9E}.Debug|x86.ActiveCfg = Debug|Any CPU
		{BD58CEFD-DEF8-4F48-90DC-D0B7EAFC2B9E}.Debug|x86.Build.0 = Debug|Any CPU
		{BD58CEFD-DEF8-4F48-90DC-D0B7EAFC2B9E}.Release|Any CPU.ActiveCfg = Release|Any CPU
		{BD58CEFD-DEF8-4F48-90DC-D0B7EAFC2B9E}.Release|Any CPU.Build.0 = Release|Any CPU
		{BD58CEFD-DEF8-4F48-90DC-D0B7EAFC2B9E}.Release|x64.ActiveCfg = Release|Any CPU
		{BD58CEFD-DEF8-4F48-90DC-D0B7EAFC2B9E}.Release|x64.Build.0 = Release|Any CPU
		{BD58CEFD-DEF8-4F48-90DC-D0B7EAFC2B9E}.Release|x86.ActiveCfg = Release|Any CPU
		{BD58CEFD-DEF8-4F48-90DC-D0B7EAFC2B9E}.Release|x86.Build.0 = Release|Any CPU
		{B75C1C24-B465-4F5F-B631-26F5D31DFD42}.Debug|Any CPU.ActiveCfg = Debug|Any CPU
		{B75C1C24-B465-4F5F-B631-26F5D31DFD42}.Debug|Any CPU.Build.0 = Debug|Any CPU
		{B75C1C24-B465-4F5F-B631-26F5D31DFD42}.Debug|x64.ActiveCfg = Debug|Any CPU
		{B75C1C24-B465-4F5F-B631-26F5D31DFD42}.Debug|x64.Build.0 = Debug|Any CPU
		{B75C1C24-B465-4F5F-B631-26F5D31DFD42}.Debug|x86.ActiveCfg = Debug|Any CPU
		{B75C1C24-B465-4F5F-B631-26F5D31DFD42}.Debug|x86.Build.0 = Debug|Any CPU
		{B75C1C24-B465-4F5F-B631-26F5D31DFD42}.Release|Any CPU.ActiveCfg = Release|Any CPU
		{B75C1C24-B465-4F5F-B631-26F5D31DFD42}.Release|Any CPU.Build.0 = Release|Any CPU
		{B75C1C24-B465-4F5F-B631-26F5D31DFD42}.Release|x64.ActiveCfg = Release|Any CPU
		{B75C1C24-B465-4F5F-B631-26F5D31DFD42}.Release|x64.Build.0 = Release|Any CPU
		{B75C1C24-B465-4F5F-B631-26F5D31DFD42}.Release|x86.ActiveCfg = Release|Any CPU
		{B75C1C24-B465-4F5F-B631-26F5D31DFD42}.Release|x86.Build.0 = Release|Any CPU
		{BAB8D234-0EA4-49F0-86E6-203DE111114E}.Debug|Any CPU.ActiveCfg = Debug|Any CPU
		{BAB8D234-0EA4-49F0-86E6-203DE111114E}.Debug|Any CPU.Build.0 = Debug|Any CPU
		{BAB8D234-0EA4-49F0-86E6-203DE111114E}.Debug|x64.ActiveCfg = Debug|Any CPU
		{BAB8D234-0EA4-49F0-86E6-203DE111114E}.Debug|x64.Build.0 = Debug|Any CPU
		{BAB8D234-0EA4-49F0-86E6-203DE111114E}.Debug|x86.ActiveCfg = Debug|Any CPU
		{BAB8D234-0EA4-49F0-86E6-203DE111114E}.Debug|x86.Build.0 = Debug|Any CPU
		{BAB8D234-0EA4-49F0-86E6-203DE111114E}.Release|Any CPU.ActiveCfg = Release|Any CPU
		{BAB8D234-0EA4-49F0-86E6-203DE111114E}.Release|Any CPU.Build.0 = Release|Any CPU
		{BAB8D234-0EA4-49F0-86E6-203DE111114E}.Release|x64.ActiveCfg = Release|Any CPU
		{BAB8D234-0EA4-49F0-86E6-203DE111114E}.Release|x64.Build.0 = Release|Any CPU
		{BAB8D234-0EA4-49F0-86E6-203DE111114E}.Release|x86.ActiveCfg = Release|Any CPU
		{BAB8D234-0EA4-49F0-86E6-203DE111114E}.Release|x86.Build.0 = Release|Any CPU
	EndGlobalSection
	GlobalSection(SolutionProperties) = preSolution
		HideSolutionNode = FALSE
	EndGlobalSection
	GlobalSection(ExtensibilityGlobals) = postSolution
		SolutionGuid = {75A0F5FF-BDC9-4E93-9530-CE067AB89CA8}
	EndGlobalSection
EndGlobal
